
Microsoft Visual Studio Solution File, Format Version 12.00
# Visual Studio Version 17
VisualStudioVersion = 17.11.35327.3
MinimumVisualStudioVersion = 10.0.40219.1
Project("{9A19103F-16F7-4668-BE54-9A1E7A4F7556}") = "SyncAgentApp", "SyncAgentApp.csproj", "{A674A8DE-2299-47ED-8EB3-12B66B676520}"
EndProject
Global
	GlobalSection(SolutionConfigurationPlatforms) = preSolution
		Debug|Any CPU = Debug|Any CPU
		Release|Any CPU = Release|Any CPU
	EndGlobalSection
	GlobalSection(ProjectConfigurationPlatforms) = postSolution
		{A674A8DE-2299-47ED-8EB3-12B66B676520}.Debug|Any CPU.ActiveCfg = Debug|Any CPU
		{A674A8DE-2299-47ED-8EB3-12B66B676520}.Debug|Any CPU.Build.0 = Debug|Any CPU
		{A674A8DE-2299-47ED-8EB3-12B66B676520}.Release|Any CPU.ActiveCfg = Release|Any CPU
		{A674A8DE-2299-47ED-8EB3-12B66B676520}.Release|Any CPU.Build.0 = Release|Any CPU
	EndGlobalSection
	GlobalSection(SolutionProperties) = preSolution
		HideSolutionNode = FALSE
	EndGlobalSection
	GlobalSection(ExtensibilityGlobals) = postSolution
		SolutionGuid = {587594A5-4B89-4FC3-B65B-96B5988EE953}
	EndGlobalSection
EndGlobal
